
Microsoft Visual Studio Solution File, Format Version 12.00
# Visual Studio 15
VisualStudioVersion = 15.0.27130.2027
MinimumVisualStudioVersion = 10.0.40219.1
Project("{9A19103F-16F7-4668-BE54-9A1E7A4F7556}") = "StockTicker", "StockTicker\StockTicker.csproj", "{DD49A01D-BF77-42BC-BC8D-31ED5C284C89}"
EndProject
Global
	GlobalSection(SolutionConfigurationPlatforms) = preSolution
		Debug|Any CPU = Debug|Any CPU
		Release|Any CPU = Release|Any CPU
	EndGlobalSection
	GlobalSection(ProjectConfigurationPlatforms) = postSolution
		{DD49A01D-BF77-42BC-BC8D-31ED5C284C89}.Debug|Any CPU.ActiveCfg = Debug|Any CPU
		{DD49A01D-BF77-42BC-BC8D-31ED5C284C89}.Debug|Any CPU.Build.0 = Debug|Any CPU
		{DD49A01D-BF77-42BC-BC8D-31ED5C284C89}.Release|Any CPU.ActiveCfg = Release|Any CPU
		{DD49A01D-BF77-42BC-BC8D-31ED5C284C89}.Release|Any CPU.Build.0 = Release|Any CPU
	EndGlobalSection
	GlobalSection(SolutionProperties) = preSolution
		HideSolutionNode = FALSE
	EndGlobalSection
	GlobalSection(ExtensibilityGlobals) = postSolution
		SolutionGuid = {942A7EF7-70DA-4BA7-9B72-82DB5CE9B95F}
	EndGlobalSection
EndGlobal
